
Microsoft Visual Studio Solution File, Format Version 12.00
# Visual Studio Version 17
VisualStudioVersion = 17.4.33213.308
MinimumVisualStudioVersion = 10.0.40219.1
Project("{FAE04EC0-301F-11D3-BF4B-00C04F79EFBC}") = "Particulas", "Particulas\Particulas.csproj", "{2725B0F1-C75C-492C-86B2-026985075C71}"
EndProject
Global
	GlobalSection(SolutionConfigurationPlatforms) = preSolution
		Debug|Any CPU = Debug|Any CPU
		Release|Any CPU = Release|Any CPU
	EndGlobalSection
	GlobalSection(ProjectConfigurationPlatforms) = postSolution
		{2725B0F1-C75C-492C-86B2-026985075C71}.Debug|Any CPU.ActiveCfg = Debug|Any CPU
		{2725B0F1-C75C-492C-86B2-026985075C71}.Debug|Any CPU.Build.0 = Debug|Any CPU
		{2725B0F1-C75C-492C-86B2-026985075C71}.Release|Any CPU.ActiveCfg = Release|Any CPU
		{2725B0F1-C75C-492C-86B2-026985075C71}.Release|Any CPU.Build.0 = Release|Any CPU
	EndGlobalSection
	GlobalSection(SolutionProperties) = preSolution
		HideSolutionNode = FALSE
	EndGlobalSection
	GlobalSection(ExtensibilityGlobals) = postSolution
		SolutionGuid = {7C3BA5AD-26DA-40BB-812A-37E153CE87A1}
	EndGlobalSection
EndGlobal
